
Microsoft Visual Studio Solution File, Format Version 12.00
# Visual Studio Version 16
VisualStudioVersion = 16.0.30621.155
MinimumVisualStudioVersion = 10.0.40219.1
Project("{FAE04EC0-301F-11D3-BF4B-00C04F79EFBC}") = "MessageMeAPI", "MessageMeAPI.csproj", "{633B37D1-6DCE-4C9E-9840-4685BF268F46}"
EndProject
Global
	GlobalSection(SolutionConfigurationPlatforms) = preSolution
		Debug|Any CPU = Debug|Any CPU
		Release|Any CPU = Release|Any CPU
	EndGlobalSection
	GlobalSection(ProjectConfigurationPlatforms) = postSolution
		{633B37D1-6DCE-4C9E-9840-4685BF268F46}.Debug|Any CPU.ActiveCfg = Debug|Any CPU
		{633B37D1-6DCE-4C9E-9840-4685BF268F46}.Debug|Any CPU.Build.0 = Debug|Any CPU
		{633B37D1-6DCE-4C9E-9840-4685BF268F46}.Release|Any CPU.ActiveCfg = Release|Any CPU
		{633B37D1-6DCE-4C9E-9840-4685BF268F46}.Release|Any CPU.Build.0 = Release|Any CPU
	EndGlobalSection
	GlobalSection(SolutionProperties) = preSolution
		HideSolutionNode = FALSE
	EndGlobalSection
	GlobalSection(ExtensibilityGlobals) = postSolution
		SolutionGuid = {50482679-ECA4-4AF2-966E-C82EAC254BB6}
	EndGlobalSection
EndGlobal
